
Microsoft Visual Studio Solution File, Format Version 12.00
# Visual Studio 2012
Project("{FAE04EC0-301F-11D3-BF4B-00C04F79EFBC}") = "EthiopianCalendar", "EthiopianCalendar\EthiopianCalendar.csproj", "{9DE1E9F2-5B8D-4ACE-85BD-1AB7489E04E9}"
EndProject
Project("{FAE04EC0-301F-11D3-BF4B-00C04F79EFBC}") = "EthiopianCalendar.Sample", "EthiopianCalendar.Sample\EthiopianCalendar.Sample.csproj", "{AB5C1D28-5283-4048-9F7F-484D87998397}"
EndProject
Project("{FAE04EC0-301F-11D3-BF4B-00C04F79EFBC}") = "EthiopianCalendar.Test", "EthiopianCalendar.Test\EthiopianCalendar.Test.csproj", "{9CC49CE4-2B9B-4AF6-BCE9-B8E3DD554F25}"
EndProject
Global
	GlobalSection(SolutionConfigurationPlatforms) = preSolution
		Debug|Any CPU = Debug|Any CPU
		Release|Any CPU = Release|Any CPU
	EndGlobalSection
	GlobalSection(ProjectConfigurationPlatforms) = postSolution
		{9DE1E9F2-5B8D-4ACE-85BD-1AB7489E04E9}.Debug|Any CPU.ActiveCfg = Debug|Any CPU
		{9DE1E9F2-5B8D-4ACE-85BD-1AB7489E04E9}.Debug|Any CPU.Build.0 = Debug|Any CPU
		{9DE1E9F2-5B8D-4ACE-85BD-1AB7489E04E9}.Release|Any CPU.ActiveCfg = Release|Any CPU
		{9DE1E9F2-5B8D-4ACE-85BD-1AB7489E04E9}.Release|Any CPU.Build.0 = Release|Any CPU
		{AB5C1D28-5283-4048-9F7F-484D87998397}.Debug|Any CPU.ActiveCfg = Debug|Any CPU
		{AB5C1D28-5283-4048-9F7F-484D87998397}.Debug|Any CPU.Build.0 = Debug|Any CPU
		{AB5C1D28-5283-4048-9F7F-484D87998397}.Release|Any CPU.ActiveCfg = Release|Any CPU
		{AB5C1D28-5283-4048-9F7F-484D87998397}.Release|Any CPU.Build.0 = Release|Any CPU
		{9CC49CE4-2B9B-4AF6-BCE9-B8E3DD554F25}.Debug|Any CPU.ActiveCfg = Debug|Any CPU
		{9CC49CE4-2B9B-4AF6-BCE9-B8E3DD554F25}.Debug|Any CPU.Build.0 = Debug|Any CPU
		{9CC49CE4-2B9B-4AF6-BCE9-B8E3DD554F25}.Release|Any CPU.ActiveCfg = Release|Any CPU
		{9CC49CE4-2B9B-4AF6-BCE9-B8E3DD554F25}.Release|Any CPU.Build.0 = Release|Any CPU
	EndGlobalSection
	GlobalSection(SolutionProperties) = preSolution
		HideSolutionNode = FALSE
	EndGlobalSection
EndGlobal
