
Microsoft Visual Studio Solution File, Format Version 12.00
# Visual Studio 15
VisualStudioVersion = 15.0.28307.489
MinimumVisualStudioVersion = 10.0.40219.1
Project("{FAE04EC0-301F-11D3-BF4B-00C04F79EFBC}") = "EthiopianCalendar", "EthiopianCalendar\EthiopianCalendar.csproj", "{2466CCAB-9A7A-48B3-BE24-E2D3887DCAF9}"
EndProject
Global
	GlobalSection(SolutionConfigurationPlatforms) = preSolution
		Debug|Any CPU = Debug|Any CPU
		Release|Any CPU = Release|Any CPU
	EndGlobalSection
	GlobalSection(ProjectConfigurationPlatforms) = postSolution
		{2466CCAB-9A7A-48B3-BE24-E2D3887DCAF9}.Debug|Any CPU.ActiveCfg = Debug|Any CPU
		{2466CCAB-9A7A-48B3-BE24-E2D3887DCAF9}.Debug|Any CPU.Build.0 = Debug|Any CPU
		{2466CCAB-9A7A-48B3-BE24-E2D3887DCAF9}.Release|Any CPU.ActiveCfg = Release|Any CPU
		{2466CCAB-9A7A-48B3-BE24-E2D3887DCAF9}.Release|Any CPU.Build.0 = Release|Any CPU
	EndGlobalSection
	GlobalSection(SolutionProperties) = preSolution
		HideSolutionNode = FALSE
	EndGlobalSection
	GlobalSection(ExtensibilityGlobals) = postSolution
		SolutionGuid = {4D89843D-DCB0-42A8-9B20-26C58085BD30}
	EndGlobalSection
EndGlobal
